
Microsoft Visual Studio Solution File, Format Version 12.00
# Visual Studio Version 16
VisualStudioVersion = 16.0.30804.86
MinimumVisualStudioVersion = 10.0.40219.1
Project("{9A19103F-16F7-4668-BE54-9A1E7A4F7556}") = "BlazingChocolate.Server", "Server\BlazingChocolate.Server.csproj", "{87AC8429-2B6C-4CF0-8F84-4824AC6BEBC1}"
EndProject
Project("{9A19103F-16F7-4668-BE54-9A1E7A4F7556}") = "BlazingChocolate.Client", "Client\BlazingChocolate.Client.csproj", "{6BB4149C-854E-4DE7-9838-9F305CD13816}"
EndProject
Project("{9A19103F-16F7-4668-BE54-9A1E7A4F7556}") = "BlazingChocolate.Shared", "Shared\BlazingChocolate.Shared.csproj", "{12215569-5C97-48C9-99C9-EFC22FD2C42A}"
EndProject
Global
	GlobalSection(SolutionConfigurationPlatforms) = preSolution
		Debug|Any CPU = Debug|Any CPU
		Release|Any CPU = Release|Any CPU
	EndGlobalSection
	GlobalSection(ProjectConfigurationPlatforms) = postSolution
		{87AC8429-2B6C-4CF0-8F84-4824AC6BEBC1}.Debug|Any CPU.ActiveCfg = Debug|Any CPU
		{87AC8429-2B6C-4CF0-8F84-4824AC6BEBC1}.Debug|Any CPU.Build.0 = Debug|Any CPU
		{87AC8429-2B6C-4CF0-8F84-4824AC6BEBC1}.Release|Any CPU.ActiveCfg = Release|Any CPU
		{87AC8429-2B6C-4CF0-8F84-4824AC6BEBC1}.Release|Any CPU.Build.0 = Release|Any CPU
		{6BB4149C-854E-4DE7-9838-9F305CD13816}.Debug|Any CPU.ActiveCfg = Debug|Any CPU
		{6BB4149C-854E-4DE7-9838-9F305CD13816}.Debug|Any CPU.Build.0 = Debug|Any CPU
		{6BB4149C-854E-4DE7-9838-9F305CD13816}.Release|Any CPU.ActiveCfg = Release|Any CPU
		{6BB4149C-854E-4DE7-9838-9F305CD13816}.Release|Any CPU.Build.0 = Release|Any CPU
		{12215569-5C97-48C9-99C9-EFC22FD2C42A}.Debug|Any CPU.ActiveCfg = Debug|Any CPU
		{12215569-5C97-48C9-99C9-EFC22FD2C42A}.Debug|Any CPU.Build.0 = Debug|Any CPU
		{12215569-5C97-48C9-99C9-EFC22FD2C42A}.Release|Any CPU.ActiveCfg = Release|Any CPU
		{12215569-5C97-48C9-99C9-EFC22FD2C42A}.Release|Any CPU.Build.0 = Release|Any CPU
	EndGlobalSection
	GlobalSection(SolutionProperties) = preSolution
		HideSolutionNode = FALSE
	EndGlobalSection
	GlobalSection(ExtensibilityGlobals) = postSolution
		SolutionGuid = {BDBE094A-4209-4D02-9276-6A8CE925065F}
	EndGlobalSection
EndGlobal
